// !$*UTF8*$!
{
	archiveVersion = 1;
	classes = {
	};
	objectVersion = 55;
	objects = {

/* Begin PBXBuildFile section */
		830BFC4E29D3664200890547 /* Charts in Frameworks */ = {isa = PBXBuildFile; productRef = 830BFC4D29D3664200890547 /* Charts */; };
		830BFC5729D762A400890547 /* PublishedFilesViewController.swift in Sources */ = {isa = PBXBuildFile; fileRef = 830BFC5629D762A400890547 /* PublishedFilesViewController.swift */; };
		830BFC5929D762FE00890547 /* PublishedFilesViewModel.swift in Sources */ = {isa = PBXBuildFile; fileRef = 830BFC5829D762FE00890547 /* PublishedFilesViewModel.swift */; };
		830BFC5B29D769B500890547 /* YDGetPublicResourcesListResponse.swift in Sources */ = {isa = PBXBuildFile; fileRef = 830BFC5A29D769B500890547 /* YDGetPublicResourcesListResponse.swift */; };
		830BFC5D29D785D600890547 /* PublishedFolderViewController.swift in Sources */ = {isa = PBXBuildFile; fileRef = 830BFC5C29D785D600890547 /* PublishedFolderViewController.swift */; };
		830BFC6229D8952700890547 /* UIViewController+Extensions.swift in Sources */ = {isa = PBXBuildFile; fileRef = 830BFC6129D8952700890547 /* UIViewController+Extensions.swift */; };
		830BFC6729DA05A500890547 /* SkillboxDrive.xcdatamodeld in Sources */ = {isa = PBXBuildFile; fileRef = 830BFC6529DA05A500890547 /* SkillboxDrive.xcdatamodeld */; };
		830BFC6929DA05E500890547 /* CoreDataManager.swift in Sources */ = {isa = PBXBuildFile; fileRef = 830BFC6829DA05E500890547 /* CoreDataManager.swift */; };
		83178BAF29D20E7B00C0CC3D /* UserProfileCoordinator.swift in Sources */ = {isa = PBXBuildFile; fileRef = 83178BAE29D20E7B00C0CC3D /* UserProfileCoordinator.swift */; };
		83178BB129D21C0800C0CC3D /* YDGetDiskDataResponse.swift in Sources */ = {isa = PBXBuildFile; fileRef = 83178BB029D21C0800C0CC3D /* YDGetDiskDataResponse.swift */; };
		83178BBC29D3480D00C0CC3D /* YDResource.swift in Sources */ = {isa = PBXBuildFile; fileRef = 83178BBB29D3480D00C0CC3D /* YDResource.swift */; };
		83178BBE29D3486A00C0CC3D /* YDResourceList.swift in Sources */ = {isa = PBXBuildFile; fileRef = 83178BBD29D3486A00C0CC3D /* YDResourceList.swift */; };
		831942AF29E7E0BF0003BDD0 /* FileManager+Extensions.swift in Sources */ = {isa = PBXBuildFile; fileRef = 831942AE29E7E0BF0003BDD0 /* FileManager+Extensions.swift */; };
		8368B99429B64F0E00ACB05A /* Coordinator.swift in Sources */ = {isa = PBXBuildFile; fileRef = 8368B99329B64F0E00ACB05A /* Coordinator.swift */; };
		8368B99729B64F8F00ACB05A /* UIButton + Extensions.swift in Sources */ = {isa = PBXBuildFile; fileRef = 8368B99629B64F8F00ACB05A /* UIButton + Extensions.swift */; };
		8368B99B29B6546100ACB05A /* LoginViewModel.swift in Sources */ = {isa = PBXBuildFile; fileRef = 8368B99A29B6546100ACB05A /* LoginViewModel.swift */; };
		8368B9A029B6609A00ACB05A /* AuthViewModel.swift in Sources */ = {isa = PBXBuildFile; fileRef = 8368B99F29B6609A00ACB05A /* AuthViewModel.swift */; };
		8368B9A229B660C300ACB05A /* DemoViewModel.swift in Sources */ = {isa = PBXBuildFile; fileRef = 8368B9A129B660C300ACB05A /* DemoViewModel.swift */; };
		8368B9DD29B7BEDF00ACB05A /* AllFilesViewController.swift in Sources */ = {isa = PBXBuildFile; fileRef = 8368B9DC29B7BEDF00ACB05A /* AllFilesViewController.swift */; };
		8368B9E029B7BF4A00ACB05A /* LastUploadedViewModel.swift in Sources */ = {isa = PBXBuildFile; fileRef = 8368B9DF29B7BF4A00ACB05A /* LastUploadedViewModel.swift */; };
		8368B9E229B7BF7200ACB05A /* AllFilesViewModel.swift in Sources */ = {isa = PBXBuildFile; fileRef = 8368B9E129B7BF7200ACB05A /* AllFilesViewModel.swift */; };
		8368B9E429B7BFB500ACB05A /* UserProfileViewModel.swift in Sources */ = {isa = PBXBuildFile; fileRef = 8368B9E329B7BFB500ACB05A /* UserProfileViewModel.swift */; };
		8368B9E629B7BFFC00ACB05A /* UserProfileViewController.swift in Sources */ = {isa = PBXBuildFile; fileRef = 8368B9E529B7BFFC00ACB05A /* UserProfileViewController.swift */; };
		8368B9E829B7C0AE00ACB05A /* LoginCoordinator.swift in Sources */ = {isa = PBXBuildFile; fileRef = 8368B9E729B7C0AE00ACB05A /* LoginCoordinator.swift */; };
		8368B9EA29B7C1EC00ACB05A /* AppCoordinator.swift in Sources */ = {isa = PBXBuildFile; fileRef = 8368B9E929B7C1EC00ACB05A /* AppCoordinator.swift */; };
		8368B9EC29B7C21900ACB05A /* TabCoordinator.swift in Sources */ = {isa = PBXBuildFile; fileRef = 8368B9EB29B7C21900ACB05A /* TabCoordinator.swift */; };
		8368B9EE29B7E38700ACB05A /* ImageLoader.swift in Sources */ = {isa = PBXBuildFile; fileRef = 8368B9ED29B7E38700ACB05A /* ImageLoader.swift */; };
		8368B9F829B8D94000ACB05A /* YDService.swift in Sources */ = {isa = PBXBuildFile; fileRef = 8368B9F729B8D94000ACB05A /* YDService.swift */; };
		8368B9FA29B8D99300ACB05A /* YDRequest.swift in Sources */ = {isa = PBXBuildFile; fileRef = 8368B9F929B8D99300ACB05A /* YDRequest.swift */; };
		8368B9FD29B8FFD400ACB05A /* YDGetLastUploadedResponse.swift in Sources */ = {isa = PBXBuildFile; fileRef = 8368B9FC29B8FFD400ACB05A /* YDGetLastUploadedResponse.swift */; };
		8368B9FF29B901D600ACB05A /* Date+Extensions.swift in Sources */ = {isa = PBXBuildFile; fileRef = 8368B9FE29B901D600ACB05A /* Date+Extensions.swift */; };
		8368BA0729BBB22B00ACB05A /* YDEndpoint.swift in Sources */ = {isa = PBXBuildFile; fileRef = 8368BA0629BBB22B00ACB05A /* YDEndpoint.swift */; };
		8368BA0929BC143100ACB05A /* TableViewCellViewModel.swift in Sources */ = {isa = PBXBuildFile; fileRef = 8368BA0829BC143100ACB05A /* TableViewCellViewModel.swift */; };
		8368BA0B29BC16F700ACB05A /* UIView+Extensions .swift in Sources */ = {isa = PBXBuildFile; fileRef = 8368BA0A29BC16F700ACB05A /* UIView+Extensions .swift */; };
		8368BA0D29BC170300ACB05A /* UITableView+Extensions.swift in Sources */ = {isa = PBXBuildFile; fileRef = 8368BA0C29BC170300ACB05A /* UITableView+Extensions.swift */; };
		8368BA1C29BC1CE200ACB05A /* Inter-SemiBold.ttf in Resources */ = {isa = PBXBuildFile; fileRef = 8368BA1329BC1CE200ACB05A /* Inter-SemiBold.ttf */; };
		8368BA1D29BC1CE200ACB05A /* Inter-Thin.ttf in Resources */ = {isa = PBXBuildFile; fileRef = 8368BA1429BC1CE200ACB05A /* Inter-Thin.ttf */; };
		8368BA1E29BC1CE200ACB05A /* Inter-Black.ttf in Resources */ = {isa = PBXBuildFile; fileRef = 8368BA1529BC1CE200ACB05A /* Inter-Black.ttf */; };
		8368BA1F29BC1CE200ACB05A /* Inter-ExtraBold.ttf in Resources */ = {isa = PBXBuildFile; fileRef = 8368BA1629BC1CE200ACB05A /* Inter-ExtraBold.ttf */; };
		8368BA2029BC1CE200ACB05A /* Inter-ExtraLight.ttf in Resources */ = {isa = PBXBuildFile; fileRef = 8368BA1729BC1CE200ACB05A /* Inter-ExtraLight.ttf */; };
		8368BA2129BC1CE200ACB05A /* Inter-Light.ttf in Resources */ = {isa = PBXBuildFile; fileRef = 8368BA1829BC1CE200ACB05A /* Inter-Light.ttf */; };
		8368BA2229BC1CE200ACB05A /* Inter-Medium.ttf in Resources */ = {isa = PBXBuildFile; fileRef = 8368BA1929BC1CE200ACB05A /* Inter-Medium.ttf */; };
		8368BA2329BC1CE200ACB05A /* Inter-Regular.ttf in Resources */ = {isa = PBXBuildFile; fileRef = 8368BA1A29BC1CE200ACB05A /* Inter-Regular.ttf */; };
		8368BA2429BC1CE200ACB05A /* Inter-Bold.ttf in Resources */ = {isa = PBXBuildFile; fileRef = 8368BA1B29BC1CE200ACB05A /* Inter-Bold.ttf */; };
		8368BA2629BC31F300ACB05A /* AssetExtractor.swift in Sources */ = {isa = PBXBuildFile; fileRef = 8368BA2529BC31F300ACB05A /* AssetExtractor.swift */; };
		8368BA2A29BE567A00ACB05A /* LastUploadedCoordinator.swift in Sources */ = {isa = PBXBuildFile; fileRef = 8368BA2929BE567A00ACB05A /* LastUploadedCoordinator.swift */; };
		8368BA2D29BE599400ACB05A /* DetailViewControllerViewModel.swift in Sources */ = {isa = PBXBuildFile; fileRef = 8368BA2C29BE599400ACB05A /* DetailViewControllerViewModel.swift */; };
		8368BA3029BE59EF00ACB05A /* ImageViewDetailViewController.swift in Sources */ = {isa = PBXBuildFile; fileRef = 8368BA2F29BE59EF00ACB05A /* ImageViewDetailViewController.swift */; };
		836F9C2429C0E17A00D0DE63 /* UINavigationItem + Extensions.swift in Sources */ = {isa = PBXBuildFile; fileRef = 836F9C2329C0E17A00D0DE63 /* UINavigationItem + Extensions.swift */; };
		836F9C2829C0F65900D0DE63 /* WKWebView + Extensions.swift in Sources */ = {isa = PBXBuildFile; fileRef = 836F9C2729C0F65900D0DE63 /* WKWebView + Extensions.swift */; };
		836F9C2B29C1ECD200D0DE63 /* WebViewDetailViewController.swift in Sources */ = {isa = PBXBuildFile; fileRef = 836F9C2A29C1ECD200D0DE63 /* WebViewDetailViewController.swift */; };
		836F9C2D29C20AAB00D0DE63 /* PDFViewDetailViewController.swift in Sources */ = {isa = PBXBuildFile; fileRef = 836F9C2C29C20AAB00D0DE63 /* PDFViewDetailViewController.swift */; };
		836F9C3029C23CD700D0DE63 /* SDWebImageSVGCoder in Frameworks */ = {isa = PBXBuildFile; productRef = 836F9C2F29C23CD700D0DE63 /* SDWebImageSVGCoder */; };
		836F9C3429C38F4700D0DE63 /* UnknownDetailViewController.swift in Sources */ = {isa = PBXBuildFile; fileRef = 836F9C3329C38F4700D0DE63 /* UnknownDetailViewController.swift */; };
		838DB5FB28D6C0FE00BF54E9 /* LoginView.swift in Sources */ = {isa = PBXBuildFile; fileRef = 838DB5FA28D6C0FE00BF54E9 /* LoginView.swift */; };
		838DB62428D77E4400BF54E9 /* DemoViewController.swift in Sources */ = {isa = PBXBuildFile; fileRef = 838DB62328D77E4400BF54E9 /* DemoViewController.swift */; };
		838DB62628D77E4B00BF54E9 /* OnboardingViewController.swift in Sources */ = {isa = PBXBuildFile; fileRef = 838DB62528D77E4B00BF54E9 /* OnboardingViewController.swift */; };
		839974E129CE262300628F5C /* NetworkCheck.swift in Sources */ = {isa = PBXBuildFile; fileRef = 839974E029CE262300628F5C /* NetworkCheck.swift */; };
		839974E329CF638300628F5C /* AllFilesCoordinator.swift in Sources */ = {isa = PBXBuildFile; fileRef = 839974E229CF638300628F5C /* AllFilesCoordinator.swift */; };
		839974E729D0C75400628F5C /* FolderViewController.swift in Sources */ = {isa = PBXBuildFile; fileRef = 839974E629D0C75400628F5C /* FolderViewController.swift */; };
		83B288A229C5FB2F002F7629 /* PanZoomImageView.swift in Sources */ = {isa = PBXBuildFile; fileRef = 83B288A129C5FB2F002F7629 /* PanZoomImageView.swift */; };
		83B288A429C6B96B002F7629 /* YDFileLinkResponse.swift in Sources */ = {isa = PBXBuildFile; fileRef = 83B288A329C6B96B002F7629 /* YDFileLinkResponse.swift */; };
		83B288A829C72844002F7629 /* Observable.swift in Sources */ = {isa = PBXBuildFile; fileRef = 83B288A729C72844002F7629 /* Observable.swift */; };
		83B64FFF28F2AEA7004F1061 /* YDTableViewCell.swift in Sources */ = {isa = PBXBuildFile; fileRef = 83B64FFE28F2AEA7004F1061 /* YDTableViewCell.swift */; };
		83DD61412891A6110078100A /* AppDelegate.swift in Sources */ = {isa = PBXBuildFile; fileRef = 83DD61402891A6110078100A /* AppDelegate.swift */; };
		83DD61452891A6110078100A /* EnterViewController.swift in Sources */ = {isa = PBXBuildFile; fileRef = 83DD61442891A6110078100A /* EnterViewController.swift */; };
		83DD614A2891A6110078100A /* Assets.xcassets in Resources */ = {isa = PBXBuildFile; fileRef = 83DD61492891A6110078100A /* Assets.xcassets */; };
		83DD614D2891A6110078100A /* LaunchScreen.storyboard in Resources */ = {isa = PBXBuildFile; fileRef = 83DD614B2891A6110078100A /* LaunchScreen.storyboard */; };
		83F4815528DCF52E00F3C12F /* AuthViewController.swift in Sources */ = {isa = PBXBuildFile; fileRef = 83F4815428DCF52E00F3C12F /* AuthViewController.swift */; };
		83F4815728DCF77A00F3C12F /* LastUploadedViewController.swift in Sources */ = {isa = PBXBuildFile; fileRef = 83F4815628DCF77A00F3C12F /* LastUploadedViewController.swift */; };
		8705AECB29D56CF400937030 /* KeychainManager.swift in Sources */ = {isa = PBXBuildFile; fileRef = 8705AECA29D56CF400937030 /* KeychainManager.swift */; };
		872D2B1129DEE45D00E5CAED /* YandexDiskItem+CoreDataClass.swift in Sources */ = {isa = PBXBuildFile; fileRef = 872D2B0F29DEE45D00E5CAED /* YandexDiskItem+CoreDataClass.swift */; };
		872D2B1229DEE45D00E5CAED /* YandexDiskItem+CoreDataProperties.swift in Sources */ = {isa = PBXBuildFile; fileRef = 872D2B1029DEE45D00E5CAED /* YandexDiskItem+CoreDataProperties.swift */; };
		872D2B1429E029F500E5CAED /* Constants.swift in Sources */ = {isa = PBXBuildFile; fileRef = 872D2B1329E029F500E5CAED /* Constants.swift */; };
		872D2B1729E02A1E00E5CAED /* Localizable.strings in Resources */ = {isa = PBXBuildFile; fileRef = 872D2B1929E02A1E00E5CAED /* Localizable.strings */; };
/* End PBXBuildFile section */

/* Begin PBXFileReference section */
		830BFC5629D762A400890547 /* PublishedFilesViewController.swift */ = {isa = PBXFileReference; lastKnownFileType = sourcecode.swift; path = PublishedFilesViewController.swift; sourceTree = "<group>"; };
		830BFC5829D762FE00890547 /* PublishedFilesViewModel.swift */ = {isa = PBXFileReference; lastKnownFileType = sourcecode.swift; path = PublishedFilesViewModel.swift; sourceTree = "<group>"; };
		830BFC5A29D769B500890547 /* YDGetPublicResourcesListResponse.swift */ = {isa = PBXFileReference; lastKnownFileType = sourcecode.swift; path = YDGetPublicResourcesListResponse.swift; sourceTree = "<group>"; };
		830BFC5C29D785D600890547 /* PublishedFolderViewController.swift */ = {isa = PBXFileReference; lastKnownFileType = sourcecode.swift; path = PublishedFolderViewController.swift; sourceTree = "<group>"; };
		830BFC6129D8952700890547 /* UIViewController+Extensions.swift */ = {isa = PBXFileReference; lastKnownFileType = sourcecode.swift; path = "UIViewController+Extensions.swift"; sourceTree = "<group>"; };
		830BFC6629DA05A500890547 /* SkillboxDrive.xcdatamodel */ = {isa = PBXFileReference; lastKnownFileType = wrapper.xcdatamodel; path = SkillboxDrive.xcdatamodel; sourceTree = "<group>"; };
		830BFC6829DA05E500890547 /* CoreDataManager.swift */ = {isa = PBXFileReference; lastKnownFileType = sourcecode.swift; path = CoreDataManager.swift; sourceTree = "<group>"; };
		83178BAE29D20E7B00C0CC3D /* UserProfileCoordinator.swift */ = {isa = PBXFileReference; lastKnownFileType = sourcecode.swift; path = UserProfileCoordinator.swift; sourceTree = "<group>"; };
		83178BB029D21C0800C0CC3D /* YDGetDiskDataResponse.swift */ = {isa = PBXFileReference; lastKnownFileType = sourcecode.swift; path = YDGetDiskDataResponse.swift; sourceTree = "<group>"; };
		83178BBB29D3480D00C0CC3D /* YDResource.swift */ = {isa = PBXFileReference; lastKnownFileType = sourcecode.swift; path = YDResource.swift; sourceTree = "<group>"; };
		83178BBD29D3486A00C0CC3D /* YDResourceList.swift */ = {isa = PBXFileReference; lastKnownFileType = sourcecode.swift; path = YDResourceList.swift; sourceTree = "<group>"; };
		831942AE29E7E0BF0003BDD0 /* FileManager+Extensions.swift */ = {isa = PBXFileReference; lastKnownFileType = sourcecode.swift; path = "FileManager+Extensions.swift"; sourceTree = "<group>"; };
		8368B99329B64F0E00ACB05A /* Coordinator.swift */ = {isa = PBXFileReference; lastKnownFileType = sourcecode.swift; path = Coordinator.swift; sourceTree = "<group>"; };
		8368B99629B64F8F00ACB05A /* UIButton + Extensions.swift */ = {isa = PBXFileReference; lastKnownFileType = sourcecode.swift; path = "UIButton + Extensions.swift"; sourceTree = "<group>"; };
		8368B99A29B6546100ACB05A /* LoginViewModel.swift */ = {isa = PBXFileReference; lastKnownFileType = sourcecode.swift; path = LoginViewModel.swift; sourceTree = "<group>"; };
		8368B99F29B6609A00ACB05A /* AuthViewModel.swift */ = {isa = PBXFileReference; lastKnownFileType = sourcecode.swift; path = AuthViewModel.swift; sourceTree = "<group>"; };
		8368B9A129B660C300ACB05A /* DemoViewModel.swift */ = {isa = PBXFileReference; lastKnownFileType = sourcecode.swift; path = DemoViewModel.swift; sourceTree = "<group>"; };
		8368B9DC29B7BEDF00ACB05A /* AllFilesViewController.swift */ = {isa = PBXFileReference; lastKnownFileType = sourcecode.swift; path = AllFilesViewController.swift; sourceTree = "<group>"; };
		8368B9DF29B7BF4A00ACB05A /* LastUploadedViewModel.swift */ = {isa = PBXFileReference; lastKnownFileType = sourcecode.swift; path = LastUploadedViewModel.swift; sourceTree = "<group>"; };
		8368B9E129B7BF7200ACB05A /* AllFilesViewModel.swift */ = {isa = PBXFileReference; lastKnownFileType = sourcecode.swift; path = AllFilesViewModel.swift; sourceTree = "<group>"; };
		8368B9E329B7BFB500ACB05A /* UserProfileViewModel.swift */ = {isa = PBXFileReference; lastKnownFileType = sourcecode.swift; path = UserProfileViewModel.swift; sourceTree = "<group>"; };
		8368B9E529B7BFFC00ACB05A /* UserProfileViewController.swift */ = {isa = PBXFileReference; lastKnownFileType = sourcecode.swift; path = UserProfileViewController.swift; sourceTree = "<group>"; };
		8368B9E729B7C0AE00ACB05A /* LoginCoordinator.swift */ = {isa = PBXFileReference; fileEncoding = 4; lastKnownFileType = sourcecode.swift; path = LoginCoordinator.swift; sourceTree = "<group>"; };
		8368B9E929B7C1EC00ACB05A /* AppCoordinator.swift */ = {isa = PBXFileReference; fileEncoding = 4; lastKnownFileType = sourcecode.swift; path = AppCoordinator.swift; sourceTree = "<group>"; };
		8368B9EB29B7C21900ACB05A /* TabCoordinator.swift */ = {isa = PBXFileReference; fileEncoding = 4; lastKnownFileType = sourcecode.swift; path = TabCoordinator.swift; sourceTree = "<group>"; };
		8368B9ED29B7E38700ACB05A /* ImageLoader.swift */ = {isa = PBXFileReference; fileEncoding = 4; lastKnownFileType = sourcecode.swift; path = ImageLoader.swift; sourceTree = "<group>"; };
		8368B9F729B8D94000ACB05A /* YDService.swift */ = {isa = PBXFileReference; lastKnownFileType = sourcecode.swift; path = YDService.swift; sourceTree = "<group>"; };
		8368B9F929B8D99300ACB05A /* YDRequest.swift */ = {isa = PBXFileReference; lastKnownFileType = sourcecode.swift; path = YDRequest.swift; sourceTree = "<group>"; };
		8368B9FC29B8FFD400ACB05A /* YDGetLastUploadedResponse.swift */ = {isa = PBXFileReference; lastKnownFileType = sourcecode.swift; path = YDGetLastUploadedResponse.swift; sourceTree = "<group>"; };
		8368B9FE29B901D600ACB05A /* Date+Extensions.swift */ = {isa = PBXFileReference; fileEncoding = 4; lastKnownFileType = sourcecode.swift; path = "Date+Extensions.swift"; sourceTree = "<group>"; };
		8368BA0629BBB22B00ACB05A /* YDEndpoint.swift */ = {isa = PBXFileReference; fileEncoding = 4; lastKnownFileType = sourcecode.swift; path = YDEndpoint.swift; sourceTree = "<group>"; };
		8368BA0829BC143100ACB05A /* TableViewCellViewModel.swift */ = {isa = PBXFileReference; lastKnownFileType = sourcecode.swift; path = TableViewCellViewModel.swift; sourceTree = "<group>"; };
		8368BA0A29BC16F700ACB05A /* UIView+Extensions .swift */ = {isa = PBXFileReference; fileEncoding = 4; lastKnownFileType = sourcecode.swift; path = "UIView+Extensions .swift"; sourceTree = "<group>"; };
		8368BA0C29BC170300ACB05A /* UITableView+Extensions.swift */ = {isa = PBXFileReference; fileEncoding = 4; lastKnownFileType = sourcecode.swift; path = "UITableView+Extensions.swift"; sourceTree = "<group>"; };
		8368BA1329BC1CE200ACB05A /* Inter-SemiBold.ttf */ = {isa = PBXFileReference; lastKnownFileType = file; path = "Inter-SemiBold.ttf"; sourceTree = "<group>"; };
		8368BA1429BC1CE200ACB05A /* Inter-Thin.ttf */ = {isa = PBXFileReference; lastKnownFileType = file; path = "Inter-Thin.ttf"; sourceTree = "<group>"; };
		8368BA1529BC1CE200ACB05A /* Inter-Black.ttf */ = {isa = PBXFileReference; lastKnownFileType = file; path = "Inter-Black.ttf"; sourceTree = "<group>"; };
		8368BA1629BC1CE200ACB05A /* Inter-ExtraBold.ttf */ = {isa = PBXFileReference; lastKnownFileType = file; path = "Inter-ExtraBold.ttf"; sourceTree = "<group>"; };
		8368BA1729BC1CE200ACB05A /* Inter-ExtraLight.ttf */ = {isa = PBXFileReference; lastKnownFileType = file; path = "Inter-ExtraLight.ttf"; sourceTree = "<group>"; };
		8368BA1829BC1CE200ACB05A /* Inter-Light.ttf */ = {isa = PBXFileReference; lastKnownFileType = file; path = "Inter-Light.ttf"; sourceTree = "<group>"; };
		8368BA1929BC1CE200ACB05A /* Inter-Medium.ttf */ = {isa = PBXFileReference; lastKnownFileType = file; path = "Inter-Medium.ttf"; sourceTree = "<group>"; };
		8368BA1A29BC1CE200ACB05A /* Inter-Regular.ttf */ = {isa = PBXFileReference; lastKnownFileType = file; path = "Inter-Regular.ttf"; sourceTree = "<group>"; };
		8368BA1B29BC1CE200ACB05A /* Inter-Bold.ttf */ = {isa = PBXFileReference; lastKnownFileType = file; path = "Inter-Bold.ttf"; sourceTree = "<group>"; };
		8368BA2529BC31F300ACB05A /* AssetExtractor.swift */ = {isa = PBXFileReference; lastKnownFileType = sourcecode.swift; path = AssetExtractor.swift; sourceTree = "<group>"; };
		8368BA2929BE567A00ACB05A /* LastUploadedCoordinator.swift */ = {isa = PBXFileReference; lastKnownFileType = sourcecode.swift; path = LastUploadedCoordinator.swift; sourceTree = "<group>"; };
		8368BA2C29BE599400ACB05A /* DetailViewControllerViewModel.swift */ = {isa = PBXFileReference; lastKnownFileType = sourcecode.swift; path = DetailViewControllerViewModel.swift; sourceTree = "<group>"; };
		8368BA2F29BE59EF00ACB05A /* ImageViewDetailViewController.swift */ = {isa = PBXFileReference; lastKnownFileType = sourcecode.swift; path = ImageViewDetailViewController.swift; sourceTree = "<group>"; };
		836F9C2329C0E17A00D0DE63 /* UINavigationItem + Extensions.swift */ = {isa = PBXFileReference; lastKnownFileType = sourcecode.swift; path = "UINavigationItem + Extensions.swift"; sourceTree = "<group>"; };
		836F9C2729C0F65900D0DE63 /* WKWebView + Extensions.swift */ = {isa = PBXFileReference; lastKnownFileType = sourcecode.swift; path = "WKWebView + Extensions.swift"; sourceTree = "<group>"; };
		836F9C2A29C1ECD200D0DE63 /* WebViewDetailViewController.swift */ = {isa = PBXFileReference; lastKnownFileType = sourcecode.swift; path = WebViewDetailViewController.swift; sourceTree = "<group>"; };
		836F9C2C29C20AAB00D0DE63 /* PDFViewDetailViewController.swift */ = {isa = PBXFileReference; lastKnownFileType = sourcecode.swift; path = PDFViewDetailViewController.swift; sourceTree = "<group>"; };
		836F9C3329C38F4700D0DE63 /* UnknownDetailViewController.swift */ = {isa = PBXFileReference; lastKnownFileType = sourcecode.swift; path = UnknownDetailViewController.swift; sourceTree = "<group>"; };
		838DB5FA28D6C0FE00BF54E9 /* LoginView.swift */ = {isa = PBXFileReference; lastKnownFileType = sourcecode.swift; path = LoginView.swift; sourceTree = "<group>"; };
		838DB62328D77E4400BF54E9 /* DemoViewController.swift */ = {isa = PBXFileReference; fileEncoding = 4; lastKnownFileType = sourcecode.swift; path = DemoViewController.swift; sourceTree = "<group>"; };
		838DB62528D77E4B00BF54E9 /* OnboardingViewController.swift */ = {isa = PBXFileReference; fileEncoding = 4; lastKnownFileType = sourcecode.swift; path = OnboardingViewController.swift; sourceTree = "<group>"; };
		839974E029CE262300628F5C /* NetworkCheck.swift */ = {isa = PBXFileReference; lastKnownFileType = sourcecode.swift; path = NetworkCheck.swift; sourceTree = "<group>"; };
		839974E229CF638300628F5C /* AllFilesCoordinator.swift */ = {isa = PBXFileReference; lastKnownFileType = sourcecode.swift; path = AllFilesCoordinator.swift; sourceTree = "<group>"; };
		839974E629D0C75400628F5C /* FolderViewController.swift */ = {isa = PBXFileReference; lastKnownFileType = sourcecode.swift; path = FolderViewController.swift; sourceTree = "<group>"; };
		83B288A129C5FB2F002F7629 /* PanZoomImageView.swift */ = {isa = PBXFileReference; lastKnownFileType = sourcecode.swift; path = PanZoomImageView.swift; sourceTree = "<group>"; };
		83B288A329C6B96B002F7629 /* YDFileLinkResponse.swift */ = {isa = PBXFileReference; lastKnownFileType = sourcecode.swift; path = YDFileLinkResponse.swift; sourceTree = "<group>"; };
		83B288A729C72844002F7629 /* Observable.swift */ = {isa = PBXFileReference; lastKnownFileType = sourcecode.swift; path = Observable.swift; sourceTree = "<group>"; };
		83B64FFE28F2AEA7004F1061 /* YDTableViewCell.swift */ = {isa = PBXFileReference; fileEncoding = 4; lastKnownFileType = sourcecode.swift; path = YDTableViewCell.swift; sourceTree = "<group>"; };
		83DD613D2891A6110078100A /* Skillbox Drive.app */ = {isa = PBXFileReference; explicitFileType = wrapper.application; includeInIndex = 0; path = "Skillbox Drive.app"; sourceTree = BUILT_PRODUCTS_DIR; };
		83DD61402891A6110078100A /* AppDelegate.swift */ = {isa = PBXFileReference; lastKnownFileType = sourcecode.swift; path = AppDelegate.swift; sourceTree = "<group>"; };
		83DD61442891A6110078100A /* EnterViewController.swift */ = {isa = PBXFileReference; lastKnownFileType = sourcecode.swift; path = EnterViewController.swift; sourceTree = "<group>"; };
		83DD61492891A6110078100A /* Assets.xcassets */ = {isa = PBXFileReference; lastKnownFileType = folder.assetcatalog; path = Assets.xcassets; sourceTree = "<group>"; };
		83DD614C2891A6110078100A /* Base */ = {isa = PBXFileReference; lastKnownFileType = file.storyboard; name = Base; path = Base.lproj/LaunchScreen.storyboard; sourceTree = "<group>"; };
		83DD614E2891A6110078100A /* Info.plist */ = {isa = PBXFileReference; lastKnownFileType = text.plist.xml; path = Info.plist; sourceTree = "<group>"; };
		83F4815428DCF52E00F3C12F /* AuthViewController.swift */ = {isa = PBXFileReference; lastKnownFileType = sourcecode.swift; path = AuthViewController.swift; sourceTree = "<group>"; };
		83F4815628DCF77A00F3C12F /* LastUploadedViewController.swift */ = {isa = PBXFileReference; lastKnownFileType = sourcecode.swift; path = LastUploadedViewController.swift; sourceTree = "<group>"; };
		8705AECA29D56CF400937030 /* KeychainManager.swift */ = {isa = PBXFileReference; lastKnownFileType = sourcecode.swift; path = KeychainManager.swift; sourceTree = "<group>"; };
		872D2B0F29DEE45D00E5CAED /* YandexDiskItem+CoreDataClass.swift */ = {isa = PBXFileReference; lastKnownFileType = sourcecode.swift; path = "YandexDiskItem+CoreDataClass.swift"; sourceTree = "<group>"; };
		872D2B1029DEE45D00E5CAED /* YandexDiskItem+CoreDataProperties.swift */ = {isa = PBXFileReference; lastKnownFileType = sourcecode.swift; path = "YandexDiskItem+CoreDataProperties.swift"; sourceTree = "<group>"; };
		872D2B1329E029F500E5CAED /* Constants.swift */ = {isa = PBXFileReference; lastKnownFileType = sourcecode.swift; path = Constants.swift; sourceTree = "<group>"; };
		872D2B1829E02A1E00E5CAED /* en */ = {isa = PBXFileReference; lastKnownFileType = text.plist.strings; name = en; path = en.lproj/Localizable.strings; sourceTree = "<group>"; };
		872D2B1A29E02B4000E5CAED /* ru */ = {isa = PBXFileReference; lastKnownFileType = text.plist.strings; name = ru; path = ru.lproj/LaunchScreen.strings; sourceTree = "<group>"; };
		872D2B1B29E02B4000E5CAED /* ru */ = {isa = PBXFileReference; lastKnownFileType = text.plist.strings; name = ru; path = ru.lproj/Localizable.strings; sourceTree = "<group>"; };
/* End PBXFileReference section */

/* Begin PBXFrameworksBuildPhase section */
		83DD613A2891A6110078100A /* Frameworks */ = {
			isa = PBXFrameworksBuildPhase;
			buildActionMask = 2147483647;
			files = (
				836F9C3029C23CD700D0DE63 /* SDWebImageSVGCoder in Frameworks */,
				830BFC4E29D3664200890547 /* Charts in Frameworks */,
			);
			runOnlyForDeploymentPostprocessing = 0;
		};
/* End PBXFrameworksBuildPhase section */

/* Begin PBXGroup section */
		830BFC5E29D78A1100890547 /* PublishedFiles */ = {
			isa = PBXGroup;
			children = (
				830BFC5629D762A400890547 /* PublishedFilesViewController.swift */,
				830BFC5C29D785D600890547 /* PublishedFolderViewController.swift */,
			);
			path = PublishedFiles;
			sourceTree = "<group>";
		};
		831942B029E7E7A40003BDD0 /* CoreData */ = {
			isa = PBXGroup;
			children = (
				872D2B0F29DEE45D00E5CAED /* YandexDiskItem+CoreDataClass.swift */,
				872D2B1029DEE45D00E5CAED /* YandexDiskItem+CoreDataProperties.swift */,
				830BFC6529DA05A500890547 /* SkillboxDrive.xcdatamodeld */,
			);
			path = CoreData;
			sourceTree = "<group>";
		};
		8368B99129B64EBD00ACB05A /* ViewModels */ = {
			isa = PBXGroup;
			children = (
				8368B99A29B6546100ACB05A /* LoginViewModel.swift */,
				8368B9A129B660C300ACB05A /* DemoViewModel.swift */,
				8368B99F29B6609A00ACB05A /* AuthViewModel.swift */,
				8368B9F629B890D100ACB05A /* CellViewModels */,
				8368B9DE29B7BF1D00ACB05A /* TabViewModels */,
			);
			path = ViewModels;
			sourceTree = "<group>";
		};
		8368B99229B64EF300ACB05A /* Coordinators */ = {
			isa = PBXGroup;
			children = (
				8368B99329B64F0E00ACB05A /* Coordinator.swift */,
				8368B9E929B7C1EC00ACB05A /* AppCoordinator.swift */,
				8368B9E729B7C0AE00ACB05A /* LoginCoordinator.swift */,
				8368B9EB29B7C21900ACB05A /* TabCoordinator.swift */,
				8368BA2829BE561000ACB05A /* TabBarsCoordinators */,
			);
			path = Coordinators;
			sourceTree = "<group>";
		};
		8368B99529B64F7400ACB05A /* Extensions */ = {
			isa = PBXGroup;
			children = (
				830BFC6129D8952700890547 /* UIViewController+Extensions.swift */,
				8368B99629B64F8F00ACB05A /* UIButton + Extensions.swift */,
				8368B9FE29B901D600ACB05A /* Date+Extensions.swift */,
				8368BA0A29BC16F700ACB05A /* UIView+Extensions .swift */,
				8368BA0C29BC170300ACB05A /* UITableView+Extensions.swift */,
				836F9C2329C0E17A00D0DE63 /* UINavigationItem + Extensions.swift */,
				836F9C2729C0F65900D0DE63 /* WKWebView + Extensions.swift */,
				8368BA2529BC31F300ACB05A /* AssetExtractor.swift */,
				8368B9ED29B7E38700ACB05A /* ImageLoader.swift */,
				83B288A129C5FB2F002F7629 /* PanZoomImageView.swift */,
				83B288A729C72844002F7629 /* Observable.swift */,
				831942AE29E7E0BF0003BDD0 /* FileManager+Extensions.swift */,
			);
			path = Extensions;
			sourceTree = "<group>";
		};
		8368B9A329B6657C00ACB05A /* Resources */ = {
			isa = PBXGroup;
			children = (
				8368BA0F29BC1AA100ACB05A /* Fonts */,
				83DD61492891A6110078100A /* Assets.xcassets */,
				872D2B1329E029F500E5CAED /* Constants.swift */,
				872D2B1929E02A1E00E5CAED /* Localizable.strings */,
			);
			path = Resources;
			sourceTree = "<group>";
		};
		8368B9A429B6677F00ACB05A /* APIService */ = {
			isa = PBXGroup;
			children = (
				8368B9F729B8D94000ACB05A /* YDService.swift */,
				8368B9F929B8D99300ACB05A /* YDRequest.swift */,
				8368BA0629BBB22B00ACB05A /* YDEndpoint.swift */,
			);
			path = APIService;
			sourceTree = "<group>";
		};
		8368B9DB29B75B3E00ACB05A /* TabViewControllers */ = {
			isa = PBXGroup;
			children = (
				8368B9E529B7BFFC00ACB05A /* UserProfileViewController.swift */,
				83F4815628DCF77A00F3C12F /* LastUploadedViewController.swift */,
				8368B9DC29B7BEDF00ACB05A /* AllFilesViewController.swift */,
				8368BA2E29BE59BA00ACB05A /* TabsDetailViewControllers */,
			);
			path = TabViewControllers;
			sourceTree = "<group>";
		};
		8368B9DE29B7BF1D00ACB05A /* TabViewModels */ = {
			isa = PBXGroup;
			children = (
				8368B9E329B7BFB500ACB05A /* UserProfileViewModel.swift */,
				8368B9DF29B7BF4A00ACB05A /* LastUploadedViewModel.swift */,
				8368B9E129B7BF7200ACB05A /* AllFilesViewModel.swift */,
				8368BA2B29BE596C00ACB05A /* DetailViewModels */,
			);
			path = TabViewModels;
			sourceTree = "<group>";
		};
		8368B9F629B890D100ACB05A /* CellViewModels */ = {
			isa = PBXGroup;
			children = (
				8368BA0829BC143100ACB05A /* TableViewCellViewModel.swift */,
			);
			path = CellViewModels;
			sourceTree = "<group>";
		};
		8368B9FB29B8FEC100ACB05A /* APIResponseTypes */ = {
			isa = PBXGroup;
			children = (
				8368B9FC29B8FFD400ACB05A /* YDGetLastUploadedResponse.swift */,
				83B288A329C6B96B002F7629 /* YDFileLinkResponse.swift */,
				83178BB029D21C0800C0CC3D /* YDGetDiskDataResponse.swift */,
				830BFC5A29D769B500890547 /* YDGetPublicResourcesListResponse.swift */,
				83F4815A28DE1DA200F3C12F /* Models */,
			);
			path = APIResponseTypes;
			sourceTree = "<group>";
		};
		8368BA0F29BC1AA100ACB05A /* Fonts */ = {
			isa = PBXGroup;
			children = (
				8368BA1029BC1AB100ACB05A /* Inter */,
			);
			path = Fonts;
			sourceTree = "<group>";
		};
		8368BA1029BC1AB100ACB05A /* Inter */ = {
			isa = PBXGroup;
			children = (
				8368BA1529BC1CE200ACB05A /* Inter-Black.ttf */,
				8368BA1B29BC1CE200ACB05A /* Inter-Bold.ttf */,
				8368BA1629BC1CE200ACB05A /* Inter-ExtraBold.ttf */,
				8368BA1729BC1CE200ACB05A /* Inter-ExtraLight.ttf */,
				8368BA1829BC1CE200ACB05A /* Inter-Light.ttf */,
				8368BA1929BC1CE200ACB05A /* Inter-Medium.ttf */,
				8368BA1A29BC1CE200ACB05A /* Inter-Regular.ttf */,
				8368BA1329BC1CE200ACB05A /* Inter-SemiBold.ttf */,
				8368BA1429BC1CE200ACB05A /* Inter-Thin.ttf */,
			);
			path = Inter;
			sourceTree = "<group>";
		};
		8368BA2729BD7FEB00ACB05A /* Onbording Screen */ = {
			isa = PBXGroup;
			children = (
				838DB62328D77E4400BF54E9 /* DemoViewController.swift */,
				838DB62528D77E4B00BF54E9 /* OnboardingViewController.swift */,
			);
			path = "Onbording Screen";
			sourceTree = "<group>";
		};
		8368BA2829BE561000ACB05A /* TabBarsCoordinators */ = {
			isa = PBXGroup;
			children = (
				83178BAE29D20E7B00C0CC3D /* UserProfileCoordinator.swift */,
				8368BA2929BE567A00ACB05A /* LastUploadedCoordinator.swift */,
				839974E229CF638300628F5C /* AllFilesCoordinator.swift */,
			);
			path = TabBarsCoordinators;
			sourceTree = "<group>";
		};
		8368BA2B29BE596C00ACB05A /* DetailViewModels */ = {
			isa = PBXGroup;
			children = (
				8368BA2C29BE599400ACB05A /* DetailViewControllerViewModel.swift */,
				830BFC5829D762FE00890547 /* PublishedFilesViewModel.swift */,
			);
			path = DetailViewModels;
			sourceTree = "<group>";
		};
		8368BA2E29BE59BA00ACB05A /* TabsDetailViewControllers */ = {
			isa = PBXGroup;
			children = (
				8368BA2F29BE59EF00ACB05A /* ImageViewDetailViewController.swift */,
				836F9C2A29C1ECD200D0DE63 /* WebViewDetailViewController.swift */,
				836F9C2C29C20AAB00D0DE63 /* PDFViewDetailViewController.swift */,
				836F9C3329C38F4700D0DE63 /* UnknownDetailViewController.swift */,
				839974E629D0C75400628F5C /* FolderViewController.swift */,
				830BFC5E29D78A1100890547 /* PublishedFiles */,
			);
			path = TabsDetailViewControllers;
			sourceTree = "<group>";
		};
		838DB62928D77F7800BF54E9 /* Views */ = {
			isa = PBXGroup;
			children = (
				838DB5FA28D6C0FE00BF54E9 /* LoginView.swift */,
				83B6500028F2AEAB004F1061 /* Cells */,
			);
			path = Views;
			sourceTree = "<group>";
		};
		839974DF29CE25F000628F5C /* Network */ = {
			isa = PBXGroup;
			children = (
				839974E029CE262300628F5C /* NetworkCheck.swift */,
			);
			path = Network;
			sourceTree = "<group>";
		};
		83B6500028F2AEAB004F1061 /* Cells */ = {
			isa = PBXGroup;
			children = (
				83B64FFE28F2AEA7004F1061 /* YDTableViewCell.swift */,
			);
			path = Cells;
			sourceTree = "<group>";
		};
		83B6500528F2E726004F1061 /* Launch */ = {
			isa = PBXGroup;
			children = (
				83DD61402891A6110078100A /* AppDelegate.swift */,
				83DD614B2891A6110078100A /* LaunchScreen.storyboard */,
			);
			path = Launch;
			sourceTree = "<group>";
		};
		83DD61342891A6110078100A = {
			isa = PBXGroup;
			children = (
				83DD613F2891A6110078100A /* Skillbox Drive */,
				83DD613E2891A6110078100A /* Products */,
			);
			sourceTree = "<group>";
		};
		83DD613E2891A6110078100A /* Products */ = {
			isa = PBXGroup;
			children = (
				83DD613D2891A6110078100A /* Skillbox Drive.app */,
			);
			name = Products;
			sourceTree = "<group>";
		};
		83DD613F2891A6110078100A /* Skillbox Drive */ = {
			isa = PBXGroup;
			children = (
				831942B029E7E7A40003BDD0 /* CoreData */,
				8705AEC829D56A3900937030 /* Managers */,
				839974DF29CE25F000628F5C /* Network */,
				83B6500528F2E726004F1061 /* Launch */,
				8368B99229B64EF300ACB05A /* Coordinators */,
				8368B9A429B6677F00ACB05A /* APIService */,
				8368B9FB29B8FEC100ACB05A /* APIResponseTypes */,
				838DB62928D77F7800BF54E9 /* Views */,
				8368B99129B64EBD00ACB05A /* ViewModels */,
				83F4810828DA1A5C00F3C12F /* Controllers */,
				8368B99529B64F7400ACB05A /* Extensions */,
				8368B9A329B6657C00ACB05A /* Resources */,
				83DD614E2891A6110078100A /* Info.plist */,
			);
			path = "Skillbox Drive";
			sourceTree = "<group>";
		};
		83F4810828DA1A5C00F3C12F /* Controllers */ = {
			isa = PBXGroup;
			children = (
				83DD61442891A6110078100A /* EnterViewController.swift */,
				83F4815428DCF52E00F3C12F /* AuthViewController.swift */,
				8368BA2729BD7FEB00ACB05A /* Onbording Screen */,
				8368B9DB29B75B3E00ACB05A /* TabViewControllers */,
			);
			path = Controllers;
			sourceTree = "<group>";
		};
		83F4815A28DE1DA200F3C12F /* Models */ = {
			isa = PBXGroup;
			children = (
				83178BBB29D3480D00C0CC3D /* YDResource.swift */,
				83178BBD29D3486A00C0CC3D /* YDResourceList.swift */,
			);
			path = Models;
			sourceTree = "<group>";
		};
		8705AEC829D56A3900937030 /* Managers */ = {
			isa = PBXGroup;
			children = (
				8705AECA29D56CF400937030 /* KeychainManager.swift */,
				830BFC6829DA05E500890547 /* CoreDataManager.swift */,
			);
			path = Managers;
			sourceTree = "<group>";
		};
/* End PBXGroup section */

/* Begin PBXNativeTarget section */
		83DD613C2891A6110078100A /* Skillbox Drive */ = {
			isa = PBXNativeTarget;
			buildConfigurationList = 83DD61512891A6110078100A /* Build configuration list for PBXNativeTarget "Skillbox Drive" */;
			buildPhases = (
				83DD61392891A6110078100A /* Sources */,
				83DD613A2891A6110078100A /* Frameworks */,
				83DD613B2891A6110078100A /* Resources */,
			);
			buildRules = (
			);
			dependencies = (
			);
			name = "Skillbox Drive";
			packageProductDependencies = (
				836F9C2F29C23CD700D0DE63 /* SDWebImageSVGCoder */,
				830BFC4D29D3664200890547 /* Charts */,
			);
			productName = "Skillbox Drive";
			productReference = 83DD613D2891A6110078100A /* Skillbox Drive.app */;
			productType = "com.apple.product-type.application";
		};
/* End PBXNativeTarget section */

/* Begin PBXProject section */
		83DD61352891A6110078100A /* Project object */ = {
			isa = PBXProject;
			attributes = {
				BuildIndependentTargetsInParallel = 1;
				LastSwiftUpdateCheck = 1340;
				LastUpgradeCheck = 1340;
				TargetAttributes = {
					83DD613C2891A6110078100A = {
						CreatedOnToolsVersion = 13.4;
					};
				};
			};
			buildConfigurationList = 83DD61382891A6110078100A /* Build configuration list for PBXProject "Skillbox Drive" */;
			compatibilityVersion = "Xcode 13.0";
			developmentRegion = en;
			hasScannedForEncodings = 0;
			knownRegions = (
				en,
				Base,
				ru,
			);
			mainGroup = 83DD61342891A6110078100A;
			packageReferences = (
				836F9C2E29C23CD700D0DE63 /* XCRemoteSwiftPackageReference "SDWebImageSVGCoder" */,
				830BFC4C29D3664200890547 /* XCRemoteSwiftPackageReference "Charts" */,
			);
			productRefGroup = 83DD613E2891A6110078100A /* Products */;
			projectDirPath = "";
			projectRoot = "";
			targets = (
				83DD613C2891A6110078100A /* Skillbox Drive */,
			);
		};
/* End PBXProject section */

/* Begin PBXResourcesBuildPhase section */
		83DD613B2891A6110078100A /* Resources */ = {
			isa = PBXResourcesBuildPhase;
			buildActionMask = 2147483647;
			files = (
				8368BA1D29BC1CE200ACB05A /* Inter-Thin.ttf in Resources */,
				872D2B1729E02A1E00E5CAED /* Localizable.strings in Resources */,
				8368BA1C29BC1CE200ACB05A /* Inter-SemiBold.ttf in Resources */,
				8368BA2429BC1CE200ACB05A /* Inter-Bold.ttf in Resources */,
				8368BA2129BC1CE200ACB05A /* Inter-Light.ttf in Resources */,
				8368BA1E29BC1CE200ACB05A /* Inter-Black.ttf in Resources */,
				8368BA2029BC1CE200ACB05A /* Inter-ExtraLight.ttf in Resources */,
				83DD614D2891A6110078100A /* LaunchScreen.storyboard in Resources */,
				8368BA2329BC1CE200ACB05A /* Inter-Regular.ttf in Resources */,
				83DD614A2891A6110078100A /* Assets.xcassets in Resources */,
				8368BA1F29BC1CE200ACB05A /* Inter-ExtraBold.ttf in Resources */,
				8368BA2229BC1CE200ACB05A /* Inter-Medium.ttf in Resources */,
			);
			runOnlyForDeploymentPostprocessing = 0;
		};
/* End PBXResourcesBuildPhase section */

/* Begin PBXSourcesBuildPhase section */
		83DD61392891A6110078100A /* Sources */ = {
			isa = PBXSourcesBuildPhase;
			buildActionMask = 2147483647;
			files = (
				83F4815728DCF77A00F3C12F /* LastUploadedViewController.swift in Sources */,
				8368B9E029B7BF4A00ACB05A /* LastUploadedViewModel.swift in Sources */,
				83DD61452891A6110078100A /* EnterViewController.swift in Sources */,
				830BFC6929DA05E500890547 /* CoreDataManager.swift in Sources */,
				8368BA0B29BC16F700ACB05A /* UIView+Extensions .swift in Sources */,
				8368B9FD29B8FFD400ACB05A /* YDGetLastUploadedResponse.swift in Sources */,
				836F9C2829C0F65900D0DE63 /* WKWebView + Extensions.swift in Sources */,
				8368B99B29B6546100ACB05A /* LoginViewModel.swift in Sources */,
				8705AECB29D56CF400937030 /* KeychainManager.swift in Sources */,
				8368BA2D29BE599400ACB05A /* DetailViewControllerViewModel.swift in Sources */,
				8368BA3029BE59EF00ACB05A /* ImageViewDetailViewController.swift in Sources */,
				8368B9EA29B7C1EC00ACB05A /* AppCoordinator.swift in Sources */,
				830BFC5729D762A400890547 /* PublishedFilesViewController.swift in Sources */,
				838DB5FB28D6C0FE00BF54E9 /* LoginView.swift in Sources */,
				8368B9A029B6609A00ACB05A /* AuthViewModel.swift in Sources */,
				836F9C2429C0E17A00D0DE63 /* UINavigationItem + Extensions.swift in Sources */,
				836F9C2B29C1ECD200D0DE63 /* WebViewDetailViewController.swift in Sources */,
				8368BA0D29BC170300ACB05A /* UITableView+Extensions.swift in Sources */,
				830BFC6229D8952700890547 /* UIViewController+Extensions.swift in Sources */,
				8368BA2629BC31F300ACB05A /* AssetExtractor.swift in Sources */,
				8368B9FF29B901D600ACB05A /* Date+Extensions.swift in Sources */,
				830BFC6729DA05A500890547 /* SkillboxDrive.xcdatamodeld in Sources */,
				838DB62428D77E4400BF54E9 /* DemoViewController.swift in Sources */,
				8368B9E629B7BFFC00ACB05A /* UserProfileViewController.swift in Sources */,
				83B64FFF28F2AEA7004F1061 /* YDTableViewCell.swift in Sources */,
				83B288A429C6B96B002F7629 /* YDFileLinkResponse.swift in Sources */,
				83B288A829C72844002F7629 /* Observable.swift in Sources */,
				8368B9EE29B7E38700ACB05A /* ImageLoader.swift in Sources */,
				83B288A229C5FB2F002F7629 /* PanZoomImageView.swift in Sources */,
				8368B9DD29B7BEDF00ACB05A /* AllFilesViewController.swift in Sources */,
				8368B9EC29B7C21900ACB05A /* TabCoordinator.swift in Sources */,
				83178BAF29D20E7B00C0CC3D /* UserProfileCoordinator.swift in Sources */,
				83178BBE29D3486A00C0CC3D /* YDResourceList.swift in Sources */,
				8368B9F829B8D94000ACB05A /* YDService.swift in Sources */,
				836F9C2D29C20AAB00D0DE63 /* PDFViewDetailViewController.swift in Sources */,
				872D2B1429E029F500E5CAED /* Constants.swift in Sources */,
				8368B9FA29B8D99300ACB05A /* YDRequest.swift in Sources */,
				836F9C3429C38F4700D0DE63 /* UnknownDetailViewController.swift in Sources */,
				839974E129CE262300628F5C /* NetworkCheck.swift in Sources */,
				83F4815528DCF52E00F3C12F /* AuthViewController.swift in Sources */,
				8368BA2A29BE567A00ACB05A /* LastUploadedCoordinator.swift in Sources */,
				83178BBC29D3480D00C0CC3D /* YDResource.swift in Sources */,
				830BFC5B29D769B500890547 /* YDGetPublicResourcesListResponse.swift in Sources */,
				83178BB129D21C0800C0CC3D /* YDGetDiskDataResponse.swift in Sources */,
				839974E329CF638300628F5C /* AllFilesCoordinator.swift in Sources */,
				8368BA0729BBB22B00ACB05A /* YDEndpoint.swift in Sources */,
				8368BA0929BC143100ACB05A /* TableViewCellViewModel.swift in Sources */,
				8368B99729B64F8F00ACB05A /* UIButton + Extensions.swift in Sources */,
				8368B9E229B7BF7200ACB05A /* AllFilesViewModel.swift in Sources */,
				872D2B1229DEE45D00E5CAED /* YandexDiskItem+CoreDataProperties.swift in Sources */,
				838DB62628D77E4B00BF54E9 /* OnboardingViewController.swift in Sources */,
				8368B9E829B7C0AE00ACB05A /* LoginCoordinator.swift in Sources */,
				831942AF29E7E0BF0003BDD0 /* FileManager+Extensions.swift in Sources */,
				830BFC5D29D785D600890547 /* PublishedFolderViewController.swift in Sources */,
				8368B99429B64F0E00ACB05A /* Coordinator.swift in Sources */,
				839974E729D0C75400628F5C /* FolderViewController.swift in Sources */,
				8368B9E429B7BFB500ACB05A /* UserProfileViewModel.swift in Sources */,
				83DD61412891A6110078100A /* AppDelegate.swift in Sources */,
				830BFC5929D762FE00890547 /* PublishedFilesViewModel.swift in Sources */,
				872D2B1129DEE45D00E5CAED /* YandexDiskItem+CoreDataClass.swift in Sources */,
				8368B9A229B660C300ACB05A /* DemoViewModel.swift in Sources */,
			);
			runOnlyForDeploymentPostprocessing = 0;
		};
/* End PBXSourcesBuildPhase section */

/* Begin PBXVariantGroup section */
		83DD614B2891A6110078100A /* LaunchScreen.storyboard */ = {
			isa = PBXVariantGroup;
			children = (
				83DD614C2891A6110078100A /* Base */,
				872D2B1A29E02B4000E5CAED /* ru */,
			);
			name = LaunchScreen.storyboard;
			sourceTree = "<group>";
		};
		872D2B1929E02A1E00E5CAED /* Localizable.strings */ = {
			isa = PBXVariantGroup;
			children = (
				872D2B1829E02A1E00E5CAED /* en */,
				872D2B1B29E02B4000E5CAED /* ru */,
			);
			name = Localizable.strings;
			sourceTree = "<group>";
		};
/* End PBXVariantGroup section */

/* Begin XCBuildConfiguration section */
		83DD614F2891A6110078100A /* Debug */ = {
			isa = XCBuildConfiguration;
			buildSettings = {
				ALWAYS_SEARCH_USER_PATHS = NO;
				CLANG_ANALYZER_LOCALIZABILITY_NONLOCALIZED = YES;
				CLANG_ANALYZER_NONNULL = YES;
				CLANG_ANALYZER_NUMBER_OBJECT_CONVERSION = YES_AGGRESSIVE;
				CLANG_CXX_LANGUAGE_STANDARD = "gnu++17";
				CLANG_ENABLE_MODULES = YES;
				CLANG_ENABLE_OBJC_ARC = YES;
				CLANG_ENABLE_OBJC_WEAK = YES;
				CLANG_WARN_BLOCK_CAPTURE_AUTORELEASING = YES;
				CLANG_WARN_BOOL_CONVERSION = YES;
				CLANG_WARN_COMMA = YES;
				CLANG_WARN_CONSTANT_CONVERSION = YES;
				CLANG_WARN_DEPRECATED_OBJC_IMPLEMENTATIONS = YES;
				CLANG_WARN_DIRECT_OBJC_ISA_USAGE = YES_ERROR;
				CLANG_WARN_DOCUMENTATION_COMMENTS = YES;
				CLANG_WARN_EMPTY_BODY = YES;
				CLANG_WARN_ENUM_CONVERSION = YES;
				CLANG_WARN_INFINITE_RECURSION = YES;
				CLANG_WARN_INT_CONVERSION = YES;
				CLANG_WARN_NON_LITERAL_NULL_CONVERSION = YES;
				CLANG_WARN_OBJC_IMPLICIT_RETAIN_SELF = YES;
				CLANG_WARN_OBJC_LITERAL_CONVERSION = YES;
				CLANG_WARN_OBJC_ROOT_CLASS = YES_ERROR;
				CLANG_WARN_QUOTED_INCLUDE_IN_FRAMEWORK_HEADER = YES;
				CLANG_WARN_RANGE_LOOP_ANALYSIS = YES;
				CLANG_WARN_STRICT_PROTOTYPES = YES;
				CLANG_WARN_SUSPICIOUS_MOVE = YES;
				CLANG_WARN_UNGUARDED_AVAILABILITY = YES_AGGRESSIVE;
				CLANG_WARN_UNREACHABLE_CODE = YES;
				CLANG_WARN__DUPLICATE_METHOD_MATCH = YES;
				COPY_PHASE_STRIP = NO;
				DEBUG_INFORMATION_FORMAT = dwarf;
				ENABLE_STRICT_OBJC_MSGSEND = YES;
				ENABLE_TESTABILITY = YES;
				GCC_C_LANGUAGE_STANDARD = gnu11;
				GCC_DYNAMIC_NO_PIC = NO;
				GCC_NO_COMMON_BLOCKS = YES;
				GCC_OPTIMIZATION_LEVEL = 0;
				GCC_PREPROCESSOR_DEFINITIONS = (
					"DEBUG=1",
					"$(inherited)",
				);
				GCC_WARN_64_TO_32_BIT_CONVERSION = YES;
				GCC_WARN_ABOUT_RETURN_TYPE = YES_ERROR;
				GCC_WARN_UNDECLARED_SELECTOR = YES;
				GCC_WARN_UNINITIALIZED_AUTOS = YES_AGGRESSIVE;
				GCC_WARN_UNUSED_FUNCTION = YES;
				GCC_WARN_UNUSED_VARIABLE = YES;
				IPHONEOS_DEPLOYMENT_TARGET = 13.0;
				MTL_ENABLE_DEBUG_INFO = INCLUDE_SOURCE;
				MTL_FAST_MATH = YES;
				ONLY_ACTIVE_ARCH = YES;
				SDKROOT = iphoneos;
				SWIFT_ACTIVE_COMPILATION_CONDITIONS = DEBUG;
				SWIFT_OPTIMIZATION_LEVEL = "-Onone";
			};
			name = Debug;
		};
		83DD61502891A6110078100A /* Release */ = {
			isa = XCBuildConfiguration;
			buildSettings = {
				ALWAYS_SEARCH_USER_PATHS = NO;
				CLANG_ANALYZER_LOCALIZABILITY_NONLOCALIZED = YES;
				CLANG_ANALYZER_NONNULL = YES;
				CLANG_ANALYZER_NUMBER_OBJECT_CONVERSION = YES_AGGRESSIVE;
				CLANG_CXX_LANGUAGE_STANDARD = "gnu++17";
				CLANG_ENABLE_MODULES = YES;
				CLANG_ENABLE_OBJC_ARC = YES;
				CLANG_ENABLE_OBJC_WEAK = YES;
				CLANG_WARN_BLOCK_CAPTURE_AUTORELEASING = YES;
				CLANG_WARN_BOOL_CONVERSION = YES;
				CLANG_WARN_COMMA = YES;
				CLANG_WARN_CONSTANT_CONVERSION = YES;
				CLANG_WARN_DEPRECATED_OBJC_IMPLEMENTATIONS = YES;
				CLANG_WARN_DIRECT_OBJC_ISA_USAGE = YES_ERROR;
				CLANG_WARN_DOCUMENTATION_COMMENTS = YES;
				CLANG_WARN_EMPTY_BODY = YES;
				CLANG_WARN_ENUM_CONVERSION = YES;
				CLANG_WARN_INFINITE_RECURSION = YES;
				CLANG_WARN_INT_CONVERSION = YES;
				CLANG_WARN_NON_LITERAL_NULL_CONVERSION = YES;
				CLANG_WARN_OBJC_IMPLICIT_RETAIN_SELF = YES;
				CLANG_WARN_OBJC_LITERAL_CONVERSION = YES;
				CLANG_WARN_OBJC_ROOT_CLASS = YES_ERROR;
				CLANG_WARN_QUOTED_INCLUDE_IN_FRAMEWORK_HEADER = YES;
				CLANG_WARN_RANGE_LOOP_ANALYSIS = YES;
				CLANG_WARN_STRICT_PROTOTYPES = YES;
				CLANG_WARN_SUSPICIOUS_MOVE = YES;
				CLANG_WARN_UNGUARDED_AVAILABILITY = YES_AGGRESSIVE;
				CLANG_WARN_UNREACHABLE_CODE = YES;
				CLANG_WARN__DUPLICATE_METHOD_MATCH = YES;
				COPY_PHASE_STRIP = NO;
				DEBUG_INFORMATION_FORMAT = "dwarf-with-dsym";
				ENABLE_NS_ASSERTIONS = NO;
				ENABLE_STRICT_OBJC_MSGSEND = YES;
				GCC_C_LANGUAGE_STANDARD = gnu11;
				GCC_NO_COMMON_BLOCKS = YES;
				GCC_WARN_64_TO_32_BIT_CONVERSION = YES;
				GCC_WARN_ABOUT_RETURN_TYPE = YES_ERROR;
				GCC_WARN_UNDECLARED_SELECTOR = YES;
				GCC_WARN_UNINITIALIZED_AUTOS = YES_AGGRESSIVE;
				GCC_WARN_UNUSED_FUNCTION = YES;
				GCC_WARN_UNUSED_VARIABLE = YES;
				IPHONEOS_DEPLOYMENT_TARGET = 13.0;
				MTL_ENABLE_DEBUG_INFO = NO;
				MTL_FAST_MATH = YES;
				SDKROOT = iphoneos;
				SWIFT_COMPILATION_MODE = wholemodule;
				SWIFT_OPTIMIZATION_LEVEL = "-O";
				VALIDATE_PRODUCT = YES;
			};
			name = Release;
		};
		83DD61522891A6110078100A /* Debug */ = {
			isa = XCBuildConfiguration;
			buildSettings = {
				ASSETCATALOG_COMPILER_APPICON_NAME = AppIcon;
				ASSETCATALOG_COMPILER_GLOBAL_ACCENT_COLOR_NAME = AccentColor;
				CODE_SIGN_IDENTITY = "Apple Development";
				CODE_SIGN_STYLE = Automatic;
				CURRENT_PROJECT_VERSION = 1;
				DEVELOPMENT_TEAM = 2R32CKST38;
				GENERATE_INFOPLIST_FILE = YES;
				INFOPLIST_FILE = "Skillbox Drive/Info.plist";
				INFOPLIST_KEY_UIApplicationSupportsIndirectInputEvents = YES;
				INFOPLIST_KEY_UILaunchStoryboardName = LaunchScreen;
				INFOPLIST_KEY_UISupportedInterfaceOrientations_iPad = "UIInterfaceOrientationPortrait UIInterfaceOrientationPortraitUpsideDown UIInterfaceOrientationLandscapeLeft UIInterfaceOrientationLandscapeRight";
				INFOPLIST_KEY_UISupportedInterfaceOrientations_iPhone = "UIInterfaceOrientationPortrait UIInterfaceOrientationLandscapeLeft UIInterfaceOrientationLandscapeRight";
				IPHONEOS_DEPLOYMENT_TARGET = 13.0;
				LD_RUNPATH_SEARCH_PATHS = (
					"$(inherited)",
					"@executable_path/Frameworks",
				);
				MARKETING_VERSION = 1.0;
				PRODUCT_BUNDLE_IDENTIFIER = "Mikhail.Ust.Skillbox-Drive";
				PRODUCT_NAME = "$(TARGET_NAME)";
				PROVISIONING_PROFILE_SPECIFIER = "";
				SUPPORTED_PLATFORMS = "iphoneos iphonesimulator";
				SUPPORTS_MACCATALYST = NO;
				SUPPORTS_MAC_DESIGNED_FOR_IPHONE_IPAD = NO;
				SWIFT_EMIT_LOC_STRINGS = YES;
				SWIFT_VERSION = 5.0;
				TARGETED_DEVICE_FAMILY = "1,2";
			};
			name = Debug;
		};
		83DD61532891A6110078100A /* Release */ = {
			isa = XCBuildConfiguration;
			buildSettings = {
				ASSETCATALOG_COMPILER_APPICON_NAME = AppIcon;
				ASSETCATALOG_COMPILER_GLOBAL_ACCENT_COLOR_NAME = AccentColor;
				CODE_SIGN_IDENTITY = "Apple Development";
				CODE_SIGN_STYLE = Automatic;
				CURRENT_PROJECT_VERSION = 1;
				DEVELOPMENT_TEAM = 2R32CKST38;
				GENERATE_INFOPLIST_FILE = YES;
				INFOPLIST_FILE = "Skillbox Drive/Info.plist";
				INFOPLIST_KEY_UIApplicationSupportsIndirectInputEvents = YES;
				INFOPLIST_KEY_UILaunchStoryboardName = LaunchScreen;
				INFOPLIST_KEY_UISupportedInterfaceOrientations_iPad = "UIInterfaceOrientationPortrait UIInterfaceOrientationPortraitUpsideDown UIInterfaceOrientationLandscapeLeft UIInterfaceOrientationLandscapeRight";
				INFOPLIST_KEY_UISupportedInterfaceOrientations_iPhone = "UIInterfaceOrientationPortrait UIInterfaceOrientationLandscapeLeft UIInterfaceOrientationLandscapeRight";
				IPHONEOS_DEPLOYMENT_TARGET = 13.0;
				LD_RUNPATH_SEARCH_PATHS = (
					"$(inherited)",
					"@executable_path/Frameworks",
				);
				MARKETING_VERSION = 1.0;
				PRODUCT_BUNDLE_IDENTIFIER = "Mikhail.Ust.Skillbox-Drive";
				PRODUCT_NAME = "$(TARGET_NAME)";
				PROVISIONING_PROFILE_SPECIFIER = "";
				SUPPORTED_PLATFORMS = "iphoneos iphonesimulator";
				SUPPORTS_MACCATALYST = NO;
				SUPPORTS_MAC_DESIGNED_FOR_IPHONE_IPAD = NO;
				SWIFT_EMIT_LOC_STRINGS = YES;
				SWIFT_VERSION = 5.0;
				TARGETED_DEVICE_FAMILY = "1,2";
			};
			name = Release;
		};
/* End XCBuildConfiguration section */

/* Begin XCConfigurationList section */
		83DD61382891A6110078100A /* Build configuration list for PBXProject "Skillbox Drive" */ = {
			isa = XCConfigurationList;
			buildConfigurations = (
				83DD614F2891A6110078100A /* Debug */,
				83DD61502891A6110078100A /* Release */,
			);
			defaultConfigurationIsVisible = 0;
			defaultConfigurationName = Release;
		};
		83DD61512891A6110078100A /* Build configuration list for PBXNativeTarget "Skillbox Drive" */ = {
			isa = XCConfigurationList;
			buildConfigurations = (
				83DD61522891A6110078100A /* Debug */,
				83DD61532891A6110078100A /* Release */,
			);
			defaultConfigurationIsVisible = 0;
			defaultConfigurationName = Release;
		};
/* End XCConfigurationList section */

/* Begin XCRemoteSwiftPackageReference section */
		830BFC4C29D3664200890547 /* XCRemoteSwiftPackageReference "Charts" */ = {
			isa = XCRemoteSwiftPackageReference;
			repositoryURL = "https://github.com/danielgindi/Charts.git";
			requirement = {
				branch = master;
				kind = branch;
			};
		};
		836F9C2E29C23CD700D0DE63 /* XCRemoteSwiftPackageReference "SDWebImageSVGCoder" */ = {
			isa = XCRemoteSwiftPackageReference;
			repositoryURL = "https://github.com/SDWebImage/SDWebImageSVGCoder.git";
			requirement = {
				kind = upToNextMajorVersion;
				minimumVersion = 1.0.0;
			};
		};
/* End XCRemoteSwiftPackageReference section */

/* Begin XCSwiftPackageProductDependency section */
		830BFC4D29D3664200890547 /* Charts */ = {
			isa = XCSwiftPackageProductDependency;
			package = 830BFC4C29D3664200890547 /* XCRemoteSwiftPackageReference "Charts" */;
			productName = Charts;
		};
		836F9C2F29C23CD700D0DE63 /* SDWebImageSVGCoder */ = {
			isa = XCSwiftPackageProductDependency;
			package = 836F9C2E29C23CD700D0DE63 /* XCRemoteSwiftPackageReference "SDWebImageSVGCoder" */;
			productName = SDWebImageSVGCoder;
		};
/* End XCSwiftPackageProductDependency section */

/* Begin XCVersionGroup section */
		830BFC6529DA05A500890547 /* SkillboxDrive.xcdatamodeld */ = {
			isa = XCVersionGroup;
			children = (
				830BFC6629DA05A500890547 /* SkillboxDrive.xcdatamodel */,
			);
			currentVersion = 830BFC6629DA05A500890547 /* SkillboxDrive.xcdatamodel */;
			path = SkillboxDrive.xcdatamodeld;
			sourceTree = "<group>";
			versionGroupType = wrapper.xcdatamodel;
		};
/* End XCVersionGroup section */
	};
	rootObject = 83DD61352891A6110078100A /* Project object */;
}
